// !$*UTF8*$!
{
	archiveVersion = 1;
	classes = {
	};
	objectVersion = 56;
	objects = {

/* Begin PBXBuildFile section */
		7824F9002ECB1746002FF4E5 /* app_recipes_iosApp.swift in Sources */ = {isa = PBXBuildFile; fileRef = 7824F8FF2ECB1746002FF4E5 /* app_recipes_iosApp.swift */; };
		7824F9042ECB1748002FF4E5 /* Assets.xcassets in Resources */ = {isa = PBXBuildFile; fileRef = 7824F9032ECB1748002FF4E5 /* Assets.xcassets */; };
		7824F9072ECB1748002FF4E5 /* Preview Assets.xcassets in Resources */ = {isa = PBXBuildFile; fileRef = 7824F9062ECB1748002FF4E5 /* Preview Assets.xcassets */; };
		7824F9112ECB1748002FF4E5 /* app_recipes_iosTests.swift in Sources */ = {isa = PBXBuildFile; fileRef = 7824F9102ECB1748002FF4E5 /* app_recipes_iosTests.swift */; };
		7824F91B2ECB1748002FF4E5 /* app_recipes_iosUITests.swift in Sources */ = {isa = PBXBuildFile; fileRef = 7824F91A2ECB1748002FF4E5 /* app_recipes_iosUITests.swift */; };
		7824F91D2ECB1748002FF4E5 /* app_recipes_iosUITestsLaunchTests.swift in Sources */ = {isa = PBXBuildFile; fileRef = 7824F91C2ECB1748002FF4E5 /* app_recipes_iosUITestsLaunchTests.swift */; };
		7824F92B2ECB25DA002FF4E5 /* Recipe.swift in Sources */ = {isa = PBXBuildFile; fileRef = 7824F92A2ECB25DA002FF4E5 /* Recipe.swift */; };
		7824F92D2ECB2951002FF4E5 /* Ingredient.swift in Sources */ = {isa = PBXBuildFile; fileRef = 7824F92C2ECB2951002FF4E5 /* Ingredient.swift */; };
		7824F9312ECB2E2E002FF4E5 /* RecipesRepository.swift in Sources */ = {isa = PBXBuildFile; fileRef = 7824F9302ECB2E2E002FF4E5 /* RecipesRepository.swift */; };
		7824F9332ECB2EDC002FF4E5 /* RecipesRepositoryDummyImpl.swift in Sources */ = {isa = PBXBuildFile; fileRef = 7824F9322ECB2EDC002FF4E5 /* RecipesRepositoryDummyImpl.swift */; };
		7824F9352ECB38B5002FF4E5 /* Injector.swift in Sources */ = {isa = PBXBuildFile; fileRef = 7824F9342ECB38B5002FF4E5 /* Injector.swift */; };
		7824F9392ECB3B21002FF4E5 /* RecipeView.swift in Sources */ = {isa = PBXBuildFile; fileRef = 7824F9382ECB3B21002FF4E5 /* RecipeView.swift */; };
		7824F93B2ECB4E74002FF4E5 /* RecipesListView.swift in Sources */ = {isa = PBXBuildFile; fileRef = 7824F93A2ECB4E74002FF4E5 /* RecipesListView.swift */; };
		7824F93D2ECB61B3002FF4E5 /* RecipeDetailsView.swift in Sources */ = {isa = PBXBuildFile; fileRef = 7824F93C2ECB61B3002FF4E5 /* RecipeDetailsView.swift */; };
		786886242ED05C9F00B4F5A7 /* RecipeEditView.swift in Sources */ = {isa = PBXBuildFile; fileRef = 786886232ED05C9F00B4F5A7 /* RecipeEditView.swift */; };
		786886262ED0616100B4F5A7 /* EditFieldView.swift in Sources */ = {isa = PBXBuildFile; fileRef = 786886252ED0616100B4F5A7 /* EditFieldView.swift */; };
/* End PBXBuildFile section */

/* Begin PBXContainerItemProxy section */
		7824F90D2ECB1748002FF4E5 /* PBXContainerItemProxy */ = {
			isa = PBXContainerItemProxy;
			containerPortal = 7824F8F42ECB1746002FF4E5 /* Project object */;
			proxyType = 1;
			remoteGlobalIDString = 7824F8FB2ECB1746002FF4E5;
			remoteInfo = app_recipes_ios;
		};
		7824F9172ECB1748002FF4E5 /* PBXContainerItemProxy */ = {
			isa = PBXContainerItemProxy;
			containerPortal = 7824F8F42ECB1746002FF4E5 /* Project object */;
			proxyType = 1;
			remoteGlobalIDString = 7824F8FB2ECB1746002FF4E5;
			remoteInfo = app_recipes_ios;
		};
/* End PBXContainerItemProxy section */

/* Begin PBXFileReference section */
		7824F8FC2ECB1746002FF4E5 /* app_recipes_ios.app */ = {isa = PBXFileReference; explicitFileType = wrapper.application; includeInIndex = 0; path = app_recipes_ios.app; sourceTree = BUILT_PRODUCTS_DIR; };
		7824F8FF2ECB1746002FF4E5 /* app_recipes_iosApp.swift */ = {isa = PBXFileReference; lastKnownFileType = sourcecode.swift; path = app_recipes_iosApp.swift; sourceTree = "<group>"; };
		7824F9032ECB1748002FF4E5 /* Assets.xcassets */ = {isa = PBXFileReference; lastKnownFileType = folder.assetcatalog; path = Assets.xcassets; sourceTree = "<group>"; };
		7824F9062ECB1748002FF4E5 /* Preview Assets.xcassets */ = {isa = PBXFileReference; lastKnownFileType = folder.assetcatalog; path = "Preview Assets.xcassets"; sourceTree = "<group>"; };
		7824F90C2ECB1748002FF4E5 /* app_recipes_iosTests.xctest */ = {isa = PBXFileReference; explicitFileType = wrapper.cfbundle; includeInIndex = 0; path = app_recipes_iosTests.xctest; sourceTree = BUILT_PRODUCTS_DIR; };
		7824F9102ECB1748002FF4E5 /* app_recipes_iosTests.swift */ = {isa = PBXFileReference; lastKnownFileType = sourcecode.swift; path = app_recipes_iosTests.swift; sourceTree = "<group>"; };
		7824F9162ECB1748002FF4E5 /* app_recipes_iosUITests.xctest */ = {isa = PBXFileReference; explicitFileType = wrapper.cfbundle; includeInIndex = 0; path = app_recipes_iosUITests.xctest; sourceTree = BUILT_PRODUCTS_DIR; };
		7824F91A2ECB1748002FF4E5 /* app_recipes_iosUITests.swift */ = {isa = PBXFileReference; lastKnownFileType = sourcecode.swift; path = app_recipes_iosUITests.swift; sourceTree = "<group>"; };
		7824F91C2ECB1748002FF4E5 /* app_recipes_iosUITestsLaunchTests.swift */ = {isa = PBXFileReference; lastKnownFileType = sourcecode.swift; path = app_recipes_iosUITestsLaunchTests.swift; sourceTree = "<group>"; };
		7824F92A2ECB25DA002FF4E5 /* Recipe.swift */ = {isa = PBXFileReference; lastKnownFileType = sourcecode.swift; path = Recipe.swift; sourceTree = "<group>"; };
		7824F92C2ECB2951002FF4E5 /* Ingredient.swift */ = {isa = PBXFileReference; lastKnownFileType = sourcecode.swift; path = Ingredient.swift; sourceTree = "<group>"; };
		7824F9302ECB2E2E002FF4E5 /* RecipesRepository.swift */ = {isa = PBXFileReference; lastKnownFileType = sourcecode.swift; path = RecipesRepository.swift; sourceTree = "<group>"; };
		7824F9322ECB2EDC002FF4E5 /* RecipesRepositoryDummyImpl.swift */ = {isa = PBXFileReference; lastKnownFileType = sourcecode.swift; path = RecipesRepositoryDummyImpl.swift; sourceTree = "<group>"; };
		7824F9342ECB38B5002FF4E5 /* Injector.swift */ = {isa = PBXFileReference; lastKnownFileType = sourcecode.swift; path = Injector.swift; sourceTree = "<group>"; };
		7824F9382ECB3B21002FF4E5 /* RecipeView.swift */ = {isa = PBXFileReference; lastKnownFileType = sourcecode.swift; path = RecipeView.swift; sourceTree = "<group>"; };
		7824F93A2ECB4E74002FF4E5 /* RecipesListView.swift */ = {isa = PBXFileReference; lastKnownFileType = sourcecode.swift; path = RecipesListView.swift; sourceTree = "<group>"; };
		7824F93C2ECB61B3002FF4E5 /* RecipeDetailsView.swift */ = {isa = PBXFileReference; lastKnownFileType = sourcecode.swift; path = RecipeDetailsView.swift; sourceTree = "<group>"; };
		786886232ED05C9F00B4F5A7 /* RecipeEditView.swift */ = {isa = PBXFileReference; lastKnownFileType = sourcecode.swift; path = RecipeEditView.swift; sourceTree = "<group>"; };
		786886252ED0616100B4F5A7 /* EditFieldView.swift */ = {isa = PBXFileReference; lastKnownFileType = sourcecode.swift; path = EditFieldView.swift; sourceTree = "<group>"; };
/* End PBXFileReference section */

/* Begin PBXFrameworksBuildPhase section */
		7824F8F92ECB1746002FF4E5 /* Frameworks */ = {
			isa = PBXFrameworksBuildPhase;
			buildActionMask = 2147483647;
			files = (
			);
			runOnlyForDeploymentPostprocessing = 0;
		};
		7824F9092ECB1748002FF4E5 /* Frameworks */ = {
			isa = PBXFrameworksBuildPhase;
			buildActionMask = 2147483647;
			files = (
			);
			runOnlyForDeploymentPostprocessing = 0;
		};
		7824F9132ECB1748002FF4E5 /* Frameworks */ = {
			isa = PBXFrameworksBuildPhase;
			buildActionMask = 2147483647;
			files = (
			);
			runOnlyForDeploymentPostprocessing = 0;
		};
/* End PBXFrameworksBuildPhase section */

/* Begin PBXGroup section */
		7824F8F32ECB1746002FF4E5 = {
			isa = PBXGroup;
			children = (
				7824F9372ECB3A4E002FF4E5 /* UI */,
				7824F92F2ECB2BA5002FF4E5 /* repository */,
				7824F9292ECB2598002FF4E5 /* data */,
				7824F8FE2ECB1746002FF4E5 /* app_recipes_ios */,
				7824F90F2ECB1748002FF4E5 /* app_recipes_iosTests */,
				7824F9192ECB1748002FF4E5 /* app_recipes_iosUITests */,
				7824F8FD2ECB1746002FF4E5 /* Products */,
			);
			sourceTree = "<group>";
		};
		7824F8FD2ECB1746002FF4E5 /* Products */ = {
			isa = PBXGroup;
			children = (
				7824F8FC2ECB1746002FF4E5 /* app_recipes_ios.app */,
				7824F90C2ECB1748002FF4E5 /* app_recipes_iosTests.xctest */,
				7824F9162ECB1748002FF4E5 /* app_recipes_iosUITests.xctest */,
			);
			name = Products;
			sourceTree = "<group>";
		};
		7824F8FE2ECB1746002FF4E5 /* app_recipes_ios */ = {
			isa = PBXGroup;
			children = (
				7824F8FF2ECB1746002FF4E5 /* app_recipes_iosApp.swift */,
				7824F9032ECB1748002FF4E5 /* Assets.xcassets */,
				7824F9052ECB1748002FF4E5 /* Preview Content */,
			);
			path = app_recipes_ios;
			sourceTree = "<group>";
		};
		7824F9052ECB1748002FF4E5 /* Preview Content */ = {
			isa = PBXGroup;
			children = (
				7824F9062ECB1748002FF4E5 /* Preview Assets.xcassets */,
			);
			path = "Preview Content";
			sourceTree = "<group>";
		};
		7824F90F2ECB1748002FF4E5 /* app_recipes_iosTests */ = {
			isa = PBXGroup;
			children = (
				7824F9102ECB1748002FF4E5 /* app_recipes_iosTests.swift */,
			);
			path = app_recipes_iosTests;
			sourceTree = "<group>";
		};
		7824F9192ECB1748002FF4E5 /* app_recipes_iosUITests */ = {
			isa = PBXGroup;
			children = (
				7824F91A2ECB1748002FF4E5 /* app_recipes_iosUITests.swift */,
				7824F91C2ECB1748002FF4E5 /* app_recipes_iosUITestsLaunchTests.swift */,
			);
			path = app_recipes_iosUITests;
			sourceTree = "<group>";
		};
		7824F9292ECB2598002FF4E5 /* data */ = {
			isa = PBXGroup;
			children = (
				7824F92A2ECB25DA002FF4E5 /* Recipe.swift */,
				7824F92C2ECB2951002FF4E5 /* Ingredient.swift */,
			);
			path = data;
			sourceTree = "<group>";
		};
		7824F92F2ECB2BA5002FF4E5 /* repository */ = {
			isa = PBXGroup;
			children = (
				7824F9302ECB2E2E002FF4E5 /* RecipesRepository.swift */,
				7824F9322ECB2EDC002FF4E5 /* RecipesRepositoryDummyImpl.swift */,
				7824F9342ECB38B5002FF4E5 /* Injector.swift */,
			);
			path = repository;
			sourceTree = "<group>";
		};
		7824F9372ECB3A4E002FF4E5 /* UI */ = {
			isa = PBXGroup;
			children = (
				7824F9382ECB3B21002FF4E5 /* RecipeView.swift */,
				7824F93A2ECB4E74002FF4E5 /* RecipesListView.swift */,
				7824F93C2ECB61B3002FF4E5 /* RecipeDetailsView.swift */,
				786886232ED05C9F00B4F5A7 /* RecipeEditView.swift */,
				786886252ED0616100B4F5A7 /* EditFieldView.swift */,
			);
			path = UI;
			sourceTree = "<group>";
		};
/* End PBXGroup section */

/* Begin PBXNativeTarget section */
		7824F8FB2ECB1746002FF4E5 /* app_recipes_ios */ = {
			isa = PBXNativeTarget;
			buildConfigurationList = 7824F9202ECB1748002FF4E5 /* Build configuration list for PBXNativeTarget "app_recipes_ios" */;
			buildPhases = (
				7824F8F82ECB1746002FF4E5 /* Sources */,
				7824F8F92ECB1746002FF4E5 /* Frameworks */,
				7824F8FA2ECB1746002FF4E5 /* Resources */,
			);
			buildRules = (
			);
			dependencies = (
			);
			name = app_recipes_ios;
			productName = app_recipes_ios;
			productReference = 7824F8FC2ECB1746002FF4E5 /* app_recipes_ios.app */;
			productType = "com.apple.product-type.application";
		};
		7824F90B2ECB1748002FF4E5 /* app_recipes_iosTests */ = {
			isa = PBXNativeTarget;
			buildConfigurationList = 7824F9232ECB1748002FF4E5 /* Build configuration list for PBXNativeTarget "app_recipes_iosTests" */;
			buildPhases = (
				7824F9082ECB1748002FF4E5 /* Sources */,
				7824F9092ECB1748002FF4E5 /* Frameworks */,
				7824F90A2ECB1748002FF4E5 /* Resources */,
			);
			buildRules = (
			);
			dependencies = (
				7824F90E2ECB1748002FF4E5 /* PBXTargetDependency */,
			);
			name = app_recipes_iosTests;
			productName = app_recipes_iosTests;
			productReference = 7824F90C2ECB1748002FF4E5 /* app_recipes_iosTests.xctest */;
			productType = "com.apple.product-type.bundle.unit-test";
		};
		7824F9152ECB1748002FF4E5 /* app_recipes_iosUITests */ = {
			isa = PBXNativeTarget;
			buildConfigurationList = 7824F9262ECB1748002FF4E5 /* Build configuration list for PBXNativeTarget "app_recipes_iosUITests" */;
			buildPhases = (
				7824F9122ECB1748002FF4E5 /* Sources */,
				7824F9132ECB1748002FF4E5 /* Frameworks */,
				7824F9142ECB1748002FF4E5 /* Resources */,
			);
			buildRules = (
			);
			dependencies = (
				7824F9182ECB1748002FF4E5 /* PBXTargetDependency */,
			);
			name = app_recipes_iosUITests;
			productName = app_recipes_iosUITests;
			productReference = 7824F9162ECB1748002FF4E5 /* app_recipes_iosUITests.xctest */;
			productType = "com.apple.product-type.bundle.ui-testing";
		};
/* End PBXNativeTarget section */

/* Begin PBXProject section */
		7824F8F42ECB1746002FF4E5 /* Project object */ = {
			isa = PBXProject;
			attributes = {
				BuildIndependentTargetsInParallel = 1;
				LastSwiftUpdateCheck = 1540;
				LastUpgradeCheck = 1540;
				TargetAttributes = {
					7824F8FB2ECB1746002FF4E5 = {
						CreatedOnToolsVersion = 15.4;
					};
					7824F90B2ECB1748002FF4E5 = {
						CreatedOnToolsVersion = 15.4;
						TestTargetID = 7824F8FB2ECB1746002FF4E5;
					};
					7824F9152ECB1748002FF4E5 = {
						CreatedOnToolsVersion = 15.4;
						TestTargetID = 7824F8FB2ECB1746002FF4E5;
					};
				};
			};
			buildConfigurationList = 7824F8F72ECB1746002FF4E5 /* Build configuration list for PBXProject "app_recipes_ios" */;
			compatibilityVersion = "Xcode 14.0";
			developmentRegion = en;
			hasScannedForEncodings = 0;
			knownRegions = (
				en,
				Base,
			);
			mainGroup = 7824F8F32ECB1746002FF4E5;
			productRefGroup = 7824F8FD2ECB1746002FF4E5 /* Products */;
			projectDirPath = "";
			projectRoot = "";
			targets = (
				7824F8FB2ECB1746002FF4E5 /* app_recipes_ios */,
				7824F90B2ECB1748002FF4E5 /* app_recipes_iosTests */,
				7824F9152ECB1748002FF4E5 /* app_recipes_iosUITests */,
			);
		};
/* End PBXProject section */

/* Begin PBXResourcesBuildPhase section */
		7824F8FA2ECB1746002FF4E5 /* Resources */ = {
			isa = PBXResourcesBuildPhase;
			buildActionMask = 2147483647;
			files = (
				7824F9072ECB1748002FF4E5 /* Preview Assets.xcassets in Resources */,
				7824F9042ECB1748002FF4E5 /* Assets.xcassets in Resources */,
			);
			runOnlyForDeploymentPostprocessing = 0;
		};
		7824F90A2ECB1748002FF4E5 /* Resources */ = {
			isa = PBXResourcesBuildPhase;
			buildActionMask = 2147483647;
			files = (
			);
			runOnlyForDeploymentPostprocessing = 0;
		};
		7824F9142ECB1748002FF4E5 /* Resources */ = {
			isa = PBXResourcesBuildPhase;
			buildActionMask = 2147483647;
			files = (
			);
			runOnlyForDeploymentPostprocessing = 0;
		};
/* End PBXResourcesBuildPhase section */

/* Begin PBXSourcesBuildPhase section */
		7824F8F82ECB1746002FF4E5 /* Sources */ = {
			isa = PBXSourcesBuildPhase;
			buildActionMask = 2147483647;
			files = (
				786886242ED05C9F00B4F5A7 /* RecipeEditView.swift in Sources */,
				7824F9312ECB2E2E002FF4E5 /* RecipesRepository.swift in Sources */,
				7824F92D2ECB2951002FF4E5 /* Ingredient.swift in Sources */,
				7824F92B2ECB25DA002FF4E5 /* Recipe.swift in Sources */,
				7824F93B2ECB4E74002FF4E5 /* RecipesListView.swift in Sources */,
				7824F93D2ECB61B3002FF4E5 /* RecipeDetailsView.swift in Sources */,
				7824F9332ECB2EDC002FF4E5 /* RecipesRepositoryDummyImpl.swift in Sources */,
				7824F9002ECB1746002FF4E5 /* app_recipes_iosApp.swift in Sources */,
				7824F9392ECB3B21002FF4E5 /* RecipeView.swift in Sources */,
				786886262ED0616100B4F5A7 /* EditFieldView.swift in Sources */,
				7824F9352ECB38B5002FF4E5 /* Injector.swift in Sources */,
			);
			runOnlyForDeploymentPostprocessing = 0;
		};
		7824F9082ECB1748002FF4E5 /* Sources */ = {
			isa = PBXSourcesBuildPhase;
			buildActionMask = 2147483647;
			files = (
				7824F9112ECB1748002FF4E5 /* app_recipes_iosTests.swift in Sources */,
			);
			runOnlyForDeploymentPostprocessing = 0;
		};
		7824F9122ECB1748002FF4E5 /* Sources */ = {
			isa = PBXSourcesBuildPhase;
			buildActionMask = 2147483647;
			files = (
				7824F91D2ECB1748002FF4E5 /* app_recipes_iosUITestsLaunchTests.swift in Sources */,
				7824F91B2ECB1748002FF4E5 /* app_recipes_iosUITests.swift in Sources */,
			);
			runOnlyForDeploymentPostprocessing = 0;
		};
/* End PBXSourcesBuildPhase section */

/* Begin PBXTargetDependency section */
		7824F90E2ECB1748002FF4E5 /* PBXTargetDependency */ = {
			isa = PBXTargetDependency;
			target = 7824F8FB2ECB1746002FF4E5 /* app_recipes_ios */;
			targetProxy = 7824F90D2ECB1748002FF4E5 /* PBXContainerItemProxy */;
		};
		7824F9182ECB1748002FF4E5 /* PBXTargetDependency */ = {
			isa = PBXTargetDependency;
			target = 7824F8FB2ECB1746002FF4E5 /* app_recipes_ios */;
			targetProxy = 7824F9172ECB1748002FF4E5 /* PBXContainerItemProxy */;
		};
/* End PBXTargetDependency section */

/* Begin XCBuildConfiguration section */
		7824F91E2ECB1748002FF4E5 /* Debug */ = {
			isa = XCBuildConfiguration;
			buildSettings = {
				ALWAYS_SEARCH_USER_PATHS = NO;
				ASSETCATALOG_COMPILER_GENERATE_SWIFT_ASSET_SYMBOL_EXTENSIONS = YES;
				CLANG_ANALYZER_NONNULL = YES;
				CLANG_ANALYZER_NUMBER_OBJECT_CONVERSION = YES_AGGRESSIVE;
				CLANG_CXX_LANGUAGE_STANDARD = "gnu++20";
				CLANG_ENABLE_MODULES = YES;
				CLANG_ENABLE_OBJC_ARC = YES;
				CLANG_ENABLE_OBJC_WEAK = YES;
				CLANG_WARN_BLOCK_CAPTURE_AUTORELEASING = YES;
				CLANG_WARN_BOOL_CONVERSION = YES;
				CLANG_WARN_COMMA = YES;
				CLANG_WARN_CONSTANT_CONVERSION = YES;
				CLANG_WARN_DEPRECATED_OBJC_IMPLEMENTATIONS = YES;
				CLANG_WARN_DIRECT_OBJC_ISA_USAGE = YES_ERROR;
				CLANG_WARN_DOCUMENTATION_COMMENTS = YES;
				CLANG_WARN_EMPTY_BODY = YES;
				CLANG_WARN_ENUM_CONVERSION = YES;
				CLANG_WARN_INFINITE_RECURSION = YES;
				CLANG_WARN_INT_CONVERSION = YES;
				CLANG_WARN_NON_LITERAL_NULL_CONVERSION = YES;
				CLANG_WARN_OBJC_IMPLICIT_RETAIN_SELF = YES;
				CLANG_WARN_OBJC_LITERAL_CONVERSION = YES;
				CLANG_WARN_OBJC_ROOT_CLASS = YES_ERROR;
				CLANG_WARN_QUOTED_INCLUDE_IN_FRAMEWORK_HEADER = YES;
				CLANG_WARN_RANGE_LOOP_ANALYSIS = YES;
				CLANG_WARN_STRICT_PROTOTYPES = YES;
				CLANG_WARN_SUSPICIOUS_MOVE = YES;
				CLANG_WARN_UNGUARDED_AVAILABILITY = YES_AGGRESSIVE;
				CLANG_WARN_UNREACHABLE_CODE = YES;
				CLANG_WARN__DUPLICATE_METHOD_MATCH = YES;
				COPY_PHASE_STRIP = NO;
				DEBUG_INFORMATION_FORMAT = dwarf;
				ENABLE_STRICT_OBJC_MSGSEND = YES;
				ENABLE_TESTABILITY = YES;
				ENABLE_USER_SCRIPT_SANDBOXING = YES;
				GCC_C_LANGUAGE_STANDARD = gnu17;
				GCC_DYNAMIC_NO_PIC = NO;
				GCC_NO_COMMON_BLOCKS = YES;
				GCC_OPTIMIZATION_LEVEL = 0;
				GCC_PREPROCESSOR_DEFINITIONS = (
					"DEBUG=1",
					"$(inherited)",
				);
				GCC_WARN_64_TO_32_BIT_CONVERSION = YES;
				GCC_WARN_ABOUT_RETURN_TYPE = YES_ERROR;
				GCC_WARN_UNDECLARED_SELECTOR = YES;
				GCC_WARN_UNINITIALIZED_AUTOS = YES_AGGRESSIVE;
				GCC_WARN_UNUSED_FUNCTION = YES;
				GCC_WARN_UNUSED_VARIABLE = YES;
				IPHONEOS_DEPLOYMENT_TARGET = 17.5;
				LOCALIZATION_PREFERS_STRING_CATALOGS = YES;
				MTL_ENABLE_DEBUG_INFO = INCLUDE_SOURCE;
				MTL_FAST_MATH = YES;
				ONLY_ACTIVE_ARCH = YES;
				SDKROOT = iphoneos;
				SWIFT_ACTIVE_COMPILATION_CONDITIONS = "DEBUG $(inherited)";
				SWIFT_OPTIMIZATION_LEVEL = "-Onone";
			};
			name = Debug;
		};
		7824F91F2ECB1748002FF4E5 /* Release */ = {
			isa = XCBuildConfiguration;
			buildSettings = {
				ALWAYS_SEARCH_USER_PATHS = NO;
				ASSETCATALOG_COMPILER_GENERATE_SWIFT_ASSET_SYMBOL_EXTENSIONS = YES;
				CLANG_ANALYZER_NONNULL = YES;
				CLANG_ANALYZER_NUMBER_OBJECT_CONVERSION = YES_AGGRESSIVE;
				CLANG_CXX_LANGUAGE_STANDARD = "gnu++20";
				CLANG_ENABLE_MODULES = YES;
				CLANG_ENABLE_OBJC_ARC = YES;
				CLANG_ENABLE_OBJC_WEAK = YES;
				CLANG_WARN_BLOCK_CAPTURE_AUTORELEASING = YES;
				CLANG_WARN_BOOL_CONVERSION = YES;
				CLANG_WARN_COMMA = YES;
				CLANG_WARN_CONSTANT_CONVERSION = YES;
				CLANG_WARN_DEPRECATED_OBJC_IMPLEMENTATIONS = YES;
				CLANG_WARN_DIRECT_OBJC_ISA_USAGE = YES_ERROR;
				CLANG_WARN_DOCUMENTATION_COMMENTS = YES;
				CLANG_WARN_EMPTY_BODY = YES;
				CLANG_WARN_ENUM_CONVERSION = YES;
				CLANG_WARN_INFINITE_RECURSION = YES;
				CLANG_WARN_INT_CONVERSION = YES;
				CLANG_WARN_NON_LITERAL_NULL_CONVERSION = YES;
				CLANG_WARN_OBJC_IMPLICIT_RETAIN_SELF = YES;
				CLANG_WARN_OBJC_LITERAL_CONVERSION = YES;
				CLANG_WARN_OBJC_ROOT_CLASS = YES_ERROR;
				CLANG_WARN_QUOTED_INCLUDE_IN_FRAMEWORK_HEADER = YES;
				CLANG_WARN_RANGE_LOOP_ANALYSIS = YES;
				CLANG_WARN_STRICT_PROTOTYPES = YES;
				CLANG_WARN_SUSPICIOUS_MOVE = YES;
				CLANG_WARN_UNGUARDED_AVAILABILITY = YES_AGGRESSIVE;
				CLANG_WARN_UNREACHABLE_CODE = YES;
				CLANG_WARN__DUPLICATE_METHOD_MATCH = YES;
				COPY_PHASE_STRIP = NO;
				DEBUG_INFORMATION_FORMAT = "dwarf-with-dsym";
				ENABLE_NS_ASSERTIONS = NO;
				ENABLE_STRICT_OBJC_MSGSEND = YES;
				ENABLE_USER_SCRIPT_SANDBOXING = YES;
				GCC_C_LANGUAGE_STANDARD = gnu17;
				GCC_NO_COMMON_BLOCKS = YES;
				GCC_WARN_64_TO_32_BIT_CONVERSION = YES;
				GCC_WARN_ABOUT_RETURN_TYPE = YES_ERROR;
				GCC_WARN_UNDECLARED_SELECTOR = YES;
				GCC_WARN_UNINITIALIZED_AUTOS = YES_AGGRESSIVE;
				GCC_WARN_UNUSED_FUNCTION = YES;
				GCC_WARN_UNUSED_VARIABLE = YES;
				IPHONEOS_DEPLOYMENT_TARGET = 17.5;
				LOCALIZATION_PREFERS_STRING_CATALOGS = YES;
				MTL_ENABLE_DEBUG_INFO = NO;
				MTL_FAST_MATH = YES;
				SDKROOT = iphoneos;
				SWIFT_COMPILATION_MODE = wholemodule;
				VALIDATE_PRODUCT = YES;
			};
			name = Release;
		};
		7824F9212ECB1748002FF4E5 /* Debug */ = {
			isa = XCBuildConfiguration;
			buildSettings = {
				ASSETCATALOG_COMPILER_APPICON_NAME = AppIcon;
				ASSETCATALOG_COMPILER_GLOBAL_ACCENT_COLOR_NAME = AccentColor;
				CODE_SIGN_STYLE = Manual;
				CURRENT_PROJECT_VERSION = 1;
				DEVELOPMENT_ASSET_PATHS = "\"app_recipes_ios/Preview Content\"";
				DEVELOPMENT_TEAM = "";
				ENABLE_PREVIEWS = YES;
				GENERATE_INFOPLIST_FILE = YES;
				INFOPLIST_KEY_UIApplicationSceneManifest_Generation = YES;
				INFOPLIST_KEY_UIApplicationSupportsIndirectInputEvents = YES;
				INFOPLIST_KEY_UILaunchScreen_Generation = YES;
				INFOPLIST_KEY_UISupportedInterfaceOrientations_iPad = "UIInterfaceOrientationPortrait UIInterfaceOrientationPortraitUpsideDown UIInterfaceOrientationLandscapeLeft UIInterfaceOrientationLandscapeRight";
				INFOPLIST_KEY_UISupportedInterfaceOrientations_iPhone = "UIInterfaceOrientationPortrait UIInterfaceOrientationLandscapeLeft UIInterfaceOrientationLandscapeRight";
				LD_RUNPATH_SEARCH_PATHS = (
					"$(inherited)",
					"@executable_path/Frameworks",
				);
				MARKETING_VERSION = 1.0;
				PRODUCT_BUNDLE_IDENTIFIER = "fr.mastersime.app-recipes-ios";
				PRODUCT_NAME = "$(TARGET_NAME)";
				PROVISIONING_PROFILE_SPECIFIER = "";
				SWIFT_EMIT_LOC_STRINGS = YES;
				SWIFT_VERSION = 5.0;
				TARGETED_DEVICE_FAMILY = "1,2";
			};
			name = Debug;
		};
		7824F9222ECB1748002FF4E5 /* Release */ = {
			isa = XCBuildConfiguration;
			buildSettings = {
				ASSETCATALOG_COMPILER_APPICON_NAME = AppIcon;
				ASSETCATALOG_COMPILER_GLOBAL_ACCENT_COLOR_NAME = AccentColor;
				CODE_SIGN_STYLE = Manual;
				CURRENT_PROJECT_VERSION = 1;
				DEVELOPMENT_ASSET_PATHS = "\"app_recipes_ios/Preview Content\"";
				DEVELOPMENT_TEAM = "";
				ENABLE_PREVIEWS = YES;
				GENERATE_INFOPLIST_FILE = YES;
				INFOPLIST_KEY_UIApplicationSceneManifest_Generation = YES;
				INFOPLIST_KEY_UIApplicationSupportsIndirectInputEvents = YES;
				INFOPLIST_KEY_UILaunchScreen_Generation = YES;
				INFOPLIST_KEY_UISupportedInterfaceOrientations_iPad = "UIInterfaceOrientationPortrait UIInterfaceOrientationPortraitUpsideDown UIInterfaceOrientationLandscapeLeft UIInterfaceOrientationLandscapeRight";
				INFOPLIST_KEY_UISupportedInterfaceOrientations_iPhone = "UIInterfaceOrientationPortrait UIInterfaceOrientationLandscapeLeft UIInterfaceOrientationLandscapeRight";
				LD_RUNPATH_SEARCH_PATHS = (
					"$(inherited)",
					"@executable_path/Frameworks",
				);
				MARKETING_VERSION = 1.0;
				PRODUCT_BUNDLE_IDENTIFIER = "fr.mastersime.app-recipes-ios";
				PRODUCT_NAME = "$(TARGET_NAME)";
				PROVISIONING_PROFILE_SPECIFIER = "";
				SWIFT_EMIT_LOC_STRINGS = YES;
				SWIFT_VERSION = 5.0;
				TARGETED_DEVICE_FAMILY = "1,2";
			};
			name = Release;
		};
		7824F9242ECB1748002FF4E5 /* Debug */ = {
			isa = XCBuildConfiguration;
			buildSettings = {
				ALWAYS_EMBED_SWIFT_STANDARD_LIBRARIES = YES;
				BUNDLE_LOADER = "$(TEST_HOST)";
				CODE_SIGN_STYLE = Automatic;
				CURRENT_PROJECT_VERSION = 1;
				GENERATE_INFOPLIST_FILE = YES;
				IPHONEOS_DEPLOYMENT_TARGET = 17.5;
				MARKETING_VERSION = 1.0;
				PRODUCT_BUNDLE_IDENTIFIER = "fr.mastersime.app-recipes-iosTests";
				PRODUCT_NAME = "$(TARGET_NAME)";
				SWIFT_EMIT_LOC_STRINGS = NO;
				SWIFT_VERSION = 5.0;
				TARGETED_DEVICE_FAMILY = "1,2";
				TEST_HOST = "$(BUILT_PRODUCTS_DIR)/app_recipes_ios.app/$(BUNDLE_EXECUTABLE_FOLDER_PATH)/app_recipes_ios";
			};
			name = Debug;
		};
		7824F9252ECB1748002FF4E5 /* Release */ = {
			isa = XCBuildConfiguration;
			buildSettings = {
				ALWAYS_EMBED_SWIFT_STANDARD_LIBRARIES = YES;
				BUNDLE_LOADER = "$(TEST_HOST)";
				CODE_SIGN_STYLE = Automatic;
				CURRENT_PROJECT_VERSION = 1;
				GENERATE_INFOPLIST_FILE = YES;
				IPHONEOS_DEPLOYMENT_TARGET = 17.5;
				MARKETING_VERSION = 1.0;
				PRODUCT_BUNDLE_IDENTIFIER = "fr.mastersime.app-recipes-iosTests";
				PRODUCT_NAME = "$(TARGET_NAME)";
				SWIFT_EMIT_LOC_STRINGS = NO;
				SWIFT_VERSION = 5.0;
				TARGETED_DEVICE_FAMILY = "1,2";
				TEST_HOST = "$(BUILT_PRODUCTS_DIR)/app_recipes_ios.app/$(BUNDLE_EXECUTABLE_FOLDER_PATH)/app_recipes_ios";
			};
			name = Release;
		};
		7824F9272ECB1748002FF4E5 /* Debug */ = {
			isa = XCBuildConfiguration;
			buildSettings = {
				ALWAYS_EMBED_SWIFT_STANDARD_LIBRARIES = YES;
				CODE_SIGN_STYLE = Automatic;
				CURRENT_PROJECT_VERSION = 1;
				GENERATE_INFOPLIST_FILE = YES;
				MARKETING_VERSION = 1.0;
				PRODUCT_BUNDLE_IDENTIFIER = "fr.mastersime.app-recipes-iosUITests";
				PRODUCT_NAME = "$(TARGET_NAME)";
				SWIFT_EMIT_LOC_STRINGS = NO;
				SWIFT_VERSION = 5.0;
				TARGETED_DEVICE_FAMILY = "1,2";
				TEST_TARGET_NAME = app_recipes_ios;
			};
			name = Debug;
		};
		7824F9282ECB1748002FF4E5 /* Release */ = {
			isa = XCBuildConfiguration;
			buildSettings = {
				ALWAYS_EMBED_SWIFT_STANDARD_LIBRARIES = YES;
				CODE_SIGN_STYLE = Automatic;
				CURRENT_PROJECT_VERSION = 1;
				GENERATE_INFOPLIST_FILE = YES;
				MARKETING_VERSION = 1.0;
				PRODUCT_BUNDLE_IDENTIFIER = "fr.mastersime.app-recipes-iosUITests";
				PRODUCT_NAME = "$(TARGET_NAME)";
				SWIFT_EMIT_LOC_STRINGS = NO;
				SWIFT_VERSION = 5.0;
				TARGETED_DEVICE_FAMILY = "1,2";
				TEST_TARGET_NAME = app_recipes_ios;
			};
			name = Release;
		};
/* End XCBuildConfiguration section */

/* Begin XCConfigurationList section */
		7824F8F72ECB1746002FF4E5 /* Build configuration list for PBXProject "app_recipes_ios" */ = {
			isa = XCConfigurationList;
			buildConfigurations = (
				7824F91E2ECB1748002FF4E5 /* Debug */,
				7824F91F2ECB1748002FF4E5 /* Release */,
			);
			defaultConfigurationIsVisible = 0;
			defaultConfigurationName = Release;
		};
		7824F9202ECB1748002FF4E5 /* Build configuration list for PBXNativeTarget "app_recipes_ios" */ = {
			isa = XCConfigurationList;
			buildConfigurations = (
				7824F9212ECB1748002FF4E5 /* Debug */,
				7824F9222ECB1748002FF4E5 /* Release */,
			);
			defaultConfigurationIsVisible = 0;
			defaultConfigurationName = Release;
		};
		7824F9232ECB1748002FF4E5 /* Build configuration list for PBXNativeTarget "app_recipes_iosTests" */ = {
			isa = XCConfigurationList;
			buildConfigurations = (
				7824F9242ECB1748002FF4E5 /* Debug */,
				7824F9252ECB1748002FF4E5 /* Release */,
			);
			defaultConfigurationIsVisible = 0;
			defaultConfigurationName = Release;
		};
		7824F9262ECB1748002FF4E5 /* Build configuration list for PBXNativeTarget "app_recipes_iosUITests" */ = {
			isa = XCConfigurationList;
			buildConfigurations = (
				7824F9272ECB1748002FF4E5 /* Debug */,
				7824F9282ECB1748002FF4E5 /* Release */,
			);
			defaultConfigurationIsVisible = 0;
			defaultConfigurationName = Release;
		};
/* End XCConfigurationList section */
	};
	rootObject = 7824F8F42ECB1746002FF4E5 /* Project object */;
}
